Microsoft Visual Studio Solution File, Format Version 12.00
# Visual Studio Version 17
VisualStudioVersion = 17.5.2.0
MinimumVisualStudioVersion = 10.0.40219.1
Project("{2150E333-8FDC-42A3-9474-1A3956D46DE8}") = "Server", "Server", "{DAD03CFC-D5FA-AC94-41C7-9ABAB326F09E}"
EndProject
Project("{FAE04EC0-301F-11D3-BF4B-00C04F79EFBC}") = "user_api", "Server\user_api\user_api.csproj", "{613BA7C8-5DE3-D839-8521-7D470C85121E}"
EndProject
Global
	GlobalSection(SolutionConfigurationPlatforms) = preSolution
		Debug|Any CPU = Debug|Any CPU
		Release|Any CPU = Release|Any CPU
	EndGlobalSection
	GlobalSection(ProjectConfigurationPlatforms) = postSolution
		{613BA7C8-5DE3-D839-8521-7D470C85121E}.Debug|Any CPU.ActiveCfg = Debug|Any CPU
		{613BA7C8-5DE3-D839-8521-7D470C85121E}.Debug|Any CPU.Build.0 = Debug|Any CPU
		{613BA7C8-5DE3-D839-8521-7D470C85121E}.Release|Any CPU.ActiveCfg = Release|Any CPU
		{613BA7C8-5DE3-D839-8521-7D470C85121E}.Release|Any CPU.Build.0 = Release|Any CPU
	EndGlobalSection
	GlobalSection(SolutionProperties) = preSolution
		HideSolutionNode = FALSE
	EndGlobalSection
	GlobalSection(NestedProjects) = preSolution
		{613BA7C8-5DE3-D839-8521-7D470C85121E} = {DAD03CFC-D5FA-AC94-41C7-9ABAB326F09E}
	EndGlobalSection
	GlobalSection(ExtensibilityGlobals) = postSolution
		SolutionGuid = {1D5221F5-B0E2-4805-A5A2-337CCA1A2FD4}
	EndGlobalSection
EndGlobal
