Microsoft Visual Studio Solution File, Format Version 12.00
# Visual Studio Version 17
VisualStudioVersion = 17.5.2.0
MinimumVisualStudioVersion = 10.0.40219.1
Project("{FAE04EC0-301F-11D3-BF4B-00C04F79EFBC}") = "auradocs_api", "auradocs_api.csproj", "{B29B3465-CDF1-EAE5-FE0E-A75B1525F2AB}"
EndProject
Global
	GlobalSection(SolutionConfigurationPlatforms) = preSolution
		Debug|Any CPU = Debug|Any CPU
		Release|Any CPU = Release|Any CPU
	EndGlobalSection
	GlobalSection(ProjectConfigurationPlatforms) = postSolution
		{B29B3465-CDF1-EAE5-FE0E-A75B1525F2AB}.Debug|Any CPU.ActiveCfg = Debug|Any CPU
		{B29B3465-CDF1-EAE5-FE0E-A75B1525F2AB}.Debug|Any CPU.Build.0 = Debug|Any CPU
		{B29B3465-CDF1-EAE5-FE0E-A75B1525F2AB}.Release|Any CPU.ActiveCfg = Release|Any CPU
		{B29B3465-CDF1-EAE5-FE0E-A75B1525F2AB}.Release|Any CPU.Build.0 = Release|Any CPU
	EndGlobalSection
	GlobalSection(SolutionProperties) = preSolution
		HideSolutionNode = FALSE
	EndGlobalSection
	GlobalSection(ExtensibilityGlobals) = postSolution
		SolutionGuid = {60E27EE7-03FF-4A39-A648-88A248E7E74D}
	EndGlobalSection
EndGlobal
